// !$*UTF8*$!
{
	archiveVersion = 1;
	classes = {
	};
	objectVersion = 46;
	objects = {

/* Begin PBXBuildFile section */
		33797478198DC88F00120D2D /* nextMoveButton.png in Resources */ = {isa = PBXBuildFile; fileRef = 33797476198DC88F00120D2D /* nextMoveButton.png */; };
		33797479198DC88F00120D2D /* nextMoveButton@2x.png in Resources */ = {isa = PBXBuildFile; fileRef = 33797477198DC88F00120D2D /* nextMoveButton@2x.png */; };
		3379747C198DF24200120D2D /* previousMoveButton.png in Resources */ = {isa = PBXBuildFile; fileRef = 3379747A198DF24200120D2D /* previousMoveButton.png */; };
		3379747D198DF24200120D2D /* previousMoveButton@2x.png in Resources */ = {isa = PBXBuildFile; fileRef = 3379747B198DF24200120D2D /* previousMoveButton@2x.png */; };
		3379749D1997E13000120D2D /* RFHCreatorInfoViewController.m in Sources */ = {isa = PBXBuildFile; fileRef = 3379749B1997E13000120D2D /* RFHCreatorInfoViewController.m */; };
		3379749E1997E13000120D2D /* RFHCreatorInfoViewController.xib in Resources */ = {isa = PBXBuildFile; fileRef = 3379749C1997E13000120D2D /* RFHCreatorInfoViewController.xib */; };
		337974A41997EB1D00120D2D /* CreatorInfo.png in Resources */ = {isa = PBXBuildFile; fileRef = 337974A11997EB1D00120D2D /* CreatorInfo.png */; };
		337974A7199811E000120D2D /* MusicIcon.png in Resources */ = {isa = PBXBuildFile; fileRef = 337974A5199811E000120D2D /* MusicIcon.png */; };
		337974AA1998157400120D2D /* MusicIconCancel.png in Resources */ = {isa = PBXBuildFile; fileRef = 337974A91998157400120D2D /* MusicIconCancel.png */; };
		337974AC1998174D00120D2D /* gradient7.jpg in Resources */ = {isa = PBXBuildFile; fileRef = 337974AB1998174D00120D2D /* gradient7.jpg */; };
		337974AE1998196A00120D2D /* gradient.png in Resources */ = {isa = PBXBuildFile; fileRef = 337974AD1998196A00120D2D /* gradient.png */; };
		337974B019981ADE00120D2D /* creatorGradient.png in Resources */ = {isa = PBXBuildFile; fileRef = 337974AF19981ADE00120D2D /* creatorGradient.png */; };
		337974BE199BD62200120D2D /* CircleWinner.png in Resources */ = {isa = PBXBuildFile; fileRef = 337974BD199BD62200120D2D /* CircleWinner.png */; };
		337974D2199DD3D600120D2D /* AdditionalInfoActivated.png in Resources */ = {isa = PBXBuildFile; fileRef = 337974D0199DD3D600120D2D /* AdditionalInfoActivated.png */; };
		337974D3199DD3D600120D2D /* AdditionalInfoActivated@2x.png in Resources */ = {isa = PBXBuildFile; fileRef = 337974D1199DD3D600120D2D /* AdditionalInfoActivated@2x.png */; };
		337974D8199DD4F600120D2D /* MoreInfo.png in Resources */ = {isa = PBXBuildFile; fileRef = 337974D6199DD4F600120D2D /* MoreInfo.png */; };
		337974D9199DD4F600120D2D /* MoreInfo@2x.png in Resources */ = {isa = PBXBuildFile; fileRef = 337974D7199DD4F600120D2D /* MoreInfo@2x.png */; };
		337974DB19A2A2FC00120D2D /* homeButton@2x.png in Resources */ = {isa = PBXBuildFile; fileRef = 337974DA19A2A2FC00120D2D /* homeButton@2x.png */; };
		337974DD19A2A5E900120D2D /* homeButtonWhite@2x.png in Resources */ = {isa = PBXBuildFile; fileRef = 337974DC19A2A5E900120D2D /* homeButtonWhite@2x.png */; };
		337974E319A2B5C500120D2D /* replayButton@2x.png in Resources */ = {isa = PBXBuildFile; fileRef = 337974E219A2B5C500120D2D /* replayButton@2x.png */; };
		337974E619A4694300120D2D /* RFHRulesViewController.m in Sources */ = {isa = PBXBuildFile; fileRef = 337974E519A4694300120D2D /* RFHRulesViewController.m */; };
		337974E819A4899600120D2D /* rulesNextArrow@2x.png in Resources */ = {isa = PBXBuildFile; fileRef = 337974E719A4899600120D2D /* rulesNextArrow@2x.png */; };
		337974EA19A50FA900120D2D /* rulesGemHighlight@2x.png in Resources */ = {isa = PBXBuildFile; fileRef = 337974E919A50FA900120D2D /* rulesGemHighlight@2x.png */; };
		3379751819A5495C00120D2D /* rulesStep3Small.png in Resources */ = {isa = PBXBuildFile; fileRef = 3379751719A5495C00120D2D /* rulesStep3Small.png */; };
		3379751E19A54C0200120D2D /* rulesStep3@2x.png in Resources */ = {isa = PBXBuildFile; fileRef = 3379751D19A54C0200120D2D /* rulesStep3@2x.png */; };
		3379752019A54CD000120D2D /* rulesStep4@2x.png in Resources */ = {isa = PBXBuildFile; fileRef = 3379751F19A54CD000120D2D /* rulesStep4@2x.png */; };
		3379752219A58C2D00120D2D /* rulesStep4Small.png in Resources */ = {isa = PBXBuildFile; fileRef = 3379752119A58C2D00120D2D /* rulesStep4Small.png */; };
		3379752919A5B88200120D2D /* rulesStep6@2x.png in Resources */ = {isa = PBXBuildFile; fileRef = 3379752719A5B88200120D2D /* rulesStep6@2x.png */; };
		3379753919A695AF00120D2D /* rulesStep11@2x.png in Resources */ = {isa = PBXBuildFile; fileRef = 3379753719A695AF00120D2D /* rulesStep11@2x.png */; };
		3379753D19A6990200120D2D /* rulesStep13@2x.png in Resources */ = {isa = PBXBuildFile; fileRef = 3379753B19A6990200120D2D /* rulesStep13@2x.png */; };
		3379754219A6A05800120D2D /* rulesStep5@2x.png in Resources */ = {isa = PBXBuildFile; fileRef = 3379754119A6A05800120D2D /* rulesStep5@2x.png */; };
		3379754819A6A36400120D2D /* rulesStep5Small.png in Resources */ = {isa = PBXBuildFile; fileRef = 3379754719A6A36400120D2D /* rulesStep5Small.png */; };
		3379755219A6AA4B00120D2D /* rulesStep6Small.png in Resources */ = {isa = PBXBuildFile; fileRef = 3379755119A6AA4B00120D2D /* rulesStep6Small.png */; };
		3379755619A6CE2E00120D2D /* rulesStep7@2x.png in Resources */ = {isa = PBXBuildFile; fileRef = 3379755519A6CE2E00120D2D /* rulesStep7@2x.png */; };
		3379755A19A6D28000120D2D /* rulesStep7Small.png in Resources */ = {isa = PBXBuildFile; fileRef = 3379755919A6D28000120D2D /* rulesStep7Small.png */; };
		3379756119A7B6F400120D2D /* rulesStep9@2x.png in Resources */ = {isa = PBXBuildFile; fileRef = 3379755F19A7B6F400120D2D /* rulesStep9@2x.png */; };
		3379756219A7B6F400120D2D /* rulesStep9Small.png in Resources */ = {isa = PBXBuildFile; fileRef = 3379756019A7B6F400120D2D /* rulesStep9Small.png */; };
		3379756519A7BD3200120D2D /* rulesStep10@2x.png in Resources */ = {isa = PBXBuildFile; fileRef = 3379756319A7BD3200120D2D /* rulesStep10@2x.png */; };
		3379756619A7BD3200120D2D /* rulesStep10Small.png in Resources */ = {isa = PBXBuildFile; fileRef = 3379756419A7BD3200120D2D /* rulesStep10Small.png */; };
		3379756819A7C98C00120D2D /* rulesStep11Small.png in Resources */ = {isa = PBXBuildFile; fileRef = 3379756719A7C98C00120D2D /* rulesStep11Small.png */; };
		3379756A19A83A6E00120D2D /* rulesStep13Small.png in Resources */ = {isa = PBXBuildFile; fileRef = 3379756919A83A6E00120D2D /* rulesStep13Small.png */; };
		3379756E19A8428C00120D2D /* rulesLast@2x.png in Resources */ = {isa = PBXBuildFile; fileRef = 3379756D19A8428C00120D2D /* rulesLast@2x.png */; };
		33B40DA118FA55BF00936260 /* Foundation.framework in Frameworks */ = {isa = PBXBuildFile; fileRef = 33B40DA018FA55BF00936260 /* Foundation.framework */; };
		33B40DA318FA55BF00936260 /* CoreGraphics.framework in Frameworks */ = {isa = PBXBuildFile; fileRef = 33B40DA218FA55BF00936260 /* CoreGraphics.framework */; };
		33B40DA518FA55BF00936260 /* UIKit.framework in Frameworks */ = {isa = PBXBuildFile; fileRef = 33B40DA418FA55BF00936260 /* UIKit.framework */; };
		33B40DAB18FA55BF00936260 /* InfoPlist.strings in Resources */ = {isa = PBXBuildFile; fileRef = 33B40DA918FA55BF00936260 /* InfoPlist.strings */; };
		33B40DAD18FA55BF00936260 /* main.m in Sources */ = {isa = PBXBuildFile; fileRef = 33B40DAC18FA55BF00936260 /* main.m */; };
		33B40DB118FA55BF00936260 /* RFHAppDelegate.m in Sources */ = {isa = PBXBuildFile; fileRef = 33B40DB018FA55BF00936260 /* RFHAppDelegate.m */; };
		33B40DB318FA55BF00936260 /* Images.xcassets in Resources */ = {isa = PBXBuildFile; fileRef = 33B40DB218FA55BF00936260 /* Images.xcassets */; };
		33B40DBA18FA55BF00936260 /* XCTest.framework in Frameworks */ = {isa = PBXBuildFile; fileRef = 33B40DB918FA55BF00936260 /* XCTest.framework */; };
		33B40DBB18FA55BF00936260 /* Foundation.framework in Frameworks */ = {isa = PBXBuildFile; fileRef = 33B40DA018FA55BF00936260 /* Foundation.framework */; };
		33B40DBC18FA55BF00936260 /* UIKit.framework in Frameworks */ = {isa = PBXBuildFile; fileRef = 33B40DA418FA55BF00936260 /* UIKit.framework */; };
		33B40DC418FA55BF00936260 /* InfoPlist.strings in Resources */ = {isa = PBXBuildFile; fileRef = 33B40DC218FA55BF00936260 /* InfoPlist.strings */; };
		33B40DC618FA55BF00936260 /* Geminy_CricketTests.m in Sources */ = {isa = PBXBuildFile; fileRef = 33B40DC518FA55BF00936260 /* Geminy_CricketTests.m */; };
		33B40DD718FA55D400936260 /* RFHGemObject.m in Sources */ = {isa = PBXBuildFile; fileRef = 33B40DD018FA55D400936260 /* RFHGemObject.m */; };
		33B40DD818FA55D400936260 /* RFHHumanPlayer.m in Sources */ = {isa = PBXBuildFile; fileRef = 33B40DD218FA55D400936260 /* RFHHumanPlayer.m */; };
		33B40DD918FA55D400936260 /* RFHPlayer.m in Sources */ = {isa = PBXBuildFile; fileRef = 33B40DD418FA55D400936260 /* RFHPlayer.m */; };
		33B40DDA18FA55D400936260 /* RFHRobotPlayer.m in Sources */ = {isa = PBXBuildFile; fileRef = 33B40DD618FA55D400936260 /* RFHRobotPlayer.m */; };
		33B40DDE18FA55F500936260 /* RFHViewController.m in Sources */ = {isa = PBXBuildFile; fileRef = 33B40DDC18FA55F500936260 /* RFHViewController.m */; };
		33B40DE818FA9A9C00936260 /* RFHGemImageContainer.m in Sources */ = {isa = PBXBuildFile; fileRef = 33B40DE718FA9A9C00936260 /* RFHGemImageContainer.m */; };
		33B40DEB18FAAB7F00936260 /* RFHGameBoard.m in Sources */ = {isa = PBXBuildFile; fileRef = 33B40DEA18FAAB7F00936260 /* RFHGameBoard.m */; };
		33D63C77196F1523003B2DE8 /* RFHHomeScreenViewController.m in Sources */ = {isa = PBXBuildFile; fileRef = 33D63C75196F1523003B2DE8 /* RFHHomeScreenViewController.m */; };
		33D63C78196F1523003B2DE8 /* RFHHomeScreenViewController.xib in Resources */ = {isa = PBXBuildFile; fileRef = 33D63C76196F1523003B2DE8 /* RFHHomeScreenViewController.xib */; };
		33D63C7A197387C6003B2DE8 /* canes.mp3 in Resources */ = {isa = PBXBuildFile; fileRef = 33D63C79197387C6003B2DE8 /* canes.mp3 */; };
		33D63C8119749679003B2DE8 /* RFHStatsViewController.m in Sources */ = {isa = PBXBuildFile; fileRef = 33D63C7F19749679003B2DE8 /* RFHStatsViewController.m */; };
		33D63C8219749679003B2DE8 /* RFHStatsViewController.xib in Resources */ = {isa = PBXBuildFile; fileRef = 33D63C8019749679003B2DE8 /* RFHStatsViewController.xib */; };
		33D63C88197595BF003B2DE8 /* RFHGameHistoryController.m in Sources */ = {isa = PBXBuildFile; fileRef = 33D63C87197595BF003B2DE8 /* RFHGameHistoryController.m */; };
		33D63C8B1975963F003B2DE8 /* RFHCompletedGame.m in Sources */ = {isa = PBXBuildFile; fileRef = 33D63C8A1975963F003B2DE8 /* RFHCompletedGame.m */; };
		33D63C9C1975AD98003B2DE8 /* App_icon58.png in Resources */ = {isa = PBXBuildFile; fileRef = 33D63C981975AD98003B2DE8 /* App_icon58.png */; };
		33D63C9D1975AD98003B2DE8 /* App_icon80.png in Resources */ = {isa = PBXBuildFile; fileRef = 33D63C991975AD98003B2DE8 /* App_icon80.png */; };
		33D63C9E1975AD98003B2DE8 /* App_icon120.png in Resources */ = {isa = PBXBuildFile; fileRef = 33D63C9A1975AD98003B2DE8 /* App_icon120.png */; };
		33D63C9F1975AD98003B2DE8 /* App_icon1024.png in Resources */ = {isa = PBXBuildFile; fileRef = 33D63C9B1975AD98003B2DE8 /* App_icon1024.png */; };
		33D63CAE19771E9D003B2DE8 /* GemLevel1.png in Resources */ = {isa = PBXBuildFile; fileRef = 33D63CAC19771E9D003B2DE8 /* GemLevel1.png */; };
		33D63CAF19771E9D003B2DE8 /* GemLevel1@2x.png in Resources */ = {isa = PBXBuildFile; fileRef = 33D63CAD19771E9D003B2DE8 /* GemLevel1@2x.png */; };
		33D63CB819786DF9003B2DE8 /* GemLevel3.png in Resources */ = {isa = PBXBuildFile; fileRef = 33D63CB619786DF9003B2DE8 /* GemLevel3.png */; };
		33D63CB919786DF9003B2DE8 /* GemLevel3@2x.png in Resources */ = {isa = PBXBuildFile; fileRef = 33D63CB719786DF9003B2DE8 /* GemLevel3@2x.png */; };
		33D63CBC19799271003B2DE8 /* gemLevel5Purple.png in Resources */ = {isa = PBXBuildFile; fileRef = 33D63CBA19799271003B2DE8 /* gemLevel5Purple.png */; };
		33D63CBD19799271003B2DE8 /* gemLevel5@2xPurple.png in Resources */ = {isa = PBXBuildFile; fileRef = 33D63CBB19799271003B2DE8 /* gemLevel5@2xPurple.png */; };
		33D63CC0197A477A003B2DE8 /* GemLevel4@2x.png in Resources */ = {isa = PBXBuildFile; fileRef = 33D63CBE197A477A003B2DE8 /* GemLevel4@2x.png */; };
		33D63CC1197A477A003B2DE8 /* GemLevel4.png in Resources */ = {isa = PBXBuildFile; fileRef = 33D63CBF197A477A003B2DE8 /* GemLevel4.png */; };
		33D63CC4197DA6CB003B2DE8 /* GemLevel5.png in Resources */ = {isa = PBXBuildFile; fileRef = 33D63CC2197DA6CB003B2DE8 /* GemLevel5.png */; };
		33D63CC5197DA6CB003B2DE8 /* GemLevel5@2x.png in Resources */ = {isa = PBXBuildFile; fileRef = 33D63CC3197DA6CB003B2DE8 /* GemLevel5@2x.png */; };
		33D63CCB197DA963003B2DE8 /* RFHDetailGameCompletedViewController.m in Sources */ = {isa = PBXBuildFile; fileRef = 33D63CCA197DA963003B2DE8 /* RFHDetailGameCompletedViewController.m */; };
		33D63CF2198964C3003B2DE8 /* GemLevel2.png in Resources */ = {isa = PBXBuildFile; fileRef = 33D63CF0198964C3003B2DE8 /* GemLevel2.png */; };
		33D63CF3198964C3003B2DE8 /* GemLevel2@2x.png in Resources */ = {isa = PBXBuildFile; fileRef = 33D63CF1198964C3003B2DE8 /* GemLevel2@2x.png */; };
		33D9088A195E0B4300F25B8F /* scroll_90opacity.png in Resources */ = {isa = PBXBuildFile; fileRef = 33D90889195E0B4300F25B8F /* scroll_90opacity.png */; };
/* End PBXBuildFile section */

/* Begin PBXContainerItemProxy section */
		33B40DBD18FA55BF00936260 /* PBXContainerItemProxy */ = {
			isa = PBXContainerItemProxy;
			containerPortal = 33B40D9518FA55BE00936260 /* Project object */;
			proxyType = 1;
			remoteGlobalIDString = 33B40D9C18FA55BE00936260;
			remoteInfo = "Geminy Cricket";
		};
/* End PBXContainerItemProxy section */

/* Begin PBXFileReference section */
		33797476198DC88F00120D2D /* nextMoveButton.png */ = {isa = PBXFileReference; lastKnownFileType = image.png; path = nextMoveButton.png; sourceTree = "<group>"; };
		33797477198DC88F00120D2D /* nextMoveButton@2x.png */ = {isa = PBXFileReference; lastKnownFileType = image.png; path = "nextMoveButton@2x.png"; sourceTree = "<group>"; };
		3379747A198DF24200120D2D /* previousMoveButton.png */ = {isa = PBXFileReference; lastKnownFileType = image.png; path = previousMoveButton.png; sourceTree = "<group>"; };
		3379747B198DF24200120D2D /* previousMoveButton@2x.png */ = {isa = PBXFileReference; lastKnownFileType = image.png; path = "previousMoveButton@2x.png"; sourceTree = "<group>"; };
		3379749A1997E13000120D2D /* RFHCreatorInfoViewController.h */ = {isa = PBXFileReference; fileEncoding = 4; lastKnownFileType = sourcecode.c.h; name = RFHCreatorInfoViewController.h; path = ../RFHCreatorInfoViewController.h; sourceTree = "<group>"; };
		3379749B1997E13000120D2D /* RFHCreatorInfoViewController.m */ = {isa = PBXFileReference; fileEncoding = 4; lastKnownFileType = sourcecode.c.objc; name = RFHCreatorInfoViewController.m; path = ../RFHCreatorInfoViewController.m; sourceTree = "<group>"; };
		3379749C1997E13000120D2D /* RFHCreatorInfoViewController.xib */ = {isa = PBXFileReference; fileEncoding = 4; lastKnownFileType = file.xib; name = RFHCreatorInfoViewController.xib; path = ../RFHCreatorInfoViewController.xib; sourceTree = "<group>"; };
		337974A11997EB1D00120D2D /* CreatorInfo.png */ = {isa = PBXFileReference; lastKnownFileType = image.png; path = CreatorInfo.png; sourceTree = "<group>"; };
		337974A5199811E000120D2D /* MusicIcon.png */ = {isa = PBXFileReference; lastKnownFileType = image.png; path = MusicIcon.png; sourceTree = "<group>"; };
		337974A91998157400120D2D /* MusicIconCancel.png */ = {isa = PBXFileReference; lastKnownFileType = image.png; path = MusicIconCancel.png; sourceTree = "<group>"; };
		337974AB1998174D00120D2D /* gradient7.jpg */ = {isa = PBXFileReference; lastKnownFileType = image.jpeg; path = gradient7.jpg; sourceTree = "<group>"; };
		337974AD1998196A00120D2D /* gradient.png */ = {isa = PBXFileReference; lastKnownFileType = image.png; path = gradient.png; sourceTree = "<group>"; };
		337974AF19981ADE00120D2D /* creatorGradient.png */ = {isa = PBXFileReference; lastKnownFileType = image.png; path = creatorGradient.png; sourceTree = "<group>"; };
		337974BD199BD62200120D2D /* CircleWinner.png */ = {isa = PBXFileReference; lastKnownFileType = image.png; path = CircleWinner.png; sourceTree = "<group>"; };
		337974D0199DD3D600120D2D /* AdditionalInfoActivated.png */ = {isa = PBXFileReference; lastKnownFileType = image.png; path = AdditionalInfoActivated.png; sourceTree = "<group>"; };
		337974D1199DD3D600120D2D /* AdditionalInfoActivated@2x.png */ = {isa = PBXFileReference; lastKnownFileType = image.png; path = "AdditionalInfoActivated@2x.png"; sourceTree = "<group>"; };
		337974D6199DD4F600120D2D /* MoreInfo.png */ = {isa = PBXFileReference; lastKnownFileType = image.png; path = MoreInfo.png; sourceTree = "<group>"; };
		337974D7199DD4F600120D2D /* MoreInfo@2x.png */ = {isa = PBXFileReference; lastKnownFileType = image.png; path = "MoreInfo@2x.png"; sourceTree = "<group>"; };
		337974DA19A2A2FC00120D2D /* homeButton@2x.png */ = {isa = PBXFileReference; lastKnownFileType = image.png; path = "homeButton@2x.png"; sourceTree = "<group>"; };
		337974DC19A2A5E900120D2D /* homeButtonWhite@2x.png */ = {isa = PBXFileReference; lastKnownFileType = image.png; path = "homeButtonWhite@2x.png"; sourceTree = "<group>"; };
		337974E219A2B5C500120D2D /* replayButton@2x.png */ = {isa = PBXFileReference; lastKnownFileType = image.png; path = "replayButton@2x.png"; sourceTree = "<group>"; };
		337974E419A4694300120D2D /* RFHRulesViewController.h */ = {isa = PBXFileReference; fileEncoding = 4; lastKnownFileType = sourcecode.c.h; path = RFHRulesViewController.h; sourceTree = "<group>"; };
		337974E519A4694300120D2D /* RFHRulesViewController.m */ = {isa = PBXFileReference; fileEncoding = 4; lastKnownFileType = sourcecode.c.objc; path = RFHRulesViewController.m; sourceTree = "<group>"; };
		337974E719A4899600120D2D /* rulesNextArrow@2x.png */ = {isa = PBXFileReference; lastKnownFileType = image.png; path = "rulesNextArrow@2x.png"; sourceTree = "<group>"; };
		337974E919A50FA900120D2D /* rulesGemHighlight@2x.png */ = {isa = PBXFileReference; lastKnownFileType = image.png; path = "rulesGemHighlight@2x.png"; sourceTree = "<group>"; };
		3379751719A5495C00120D2D /* rulesStep3Small.png */ = {isa = PBXFileReference; lastKnownFileType = image.png; path = rulesStep3Small.png; sourceTree = "<group>"; };
		3379751D19A54C0200120D2D /* rulesStep3@2x.png */ = {isa = PBXFileReference; lastKnownFileType = image.png; path = "rulesStep3@2x.png"; sourceTree = "<group>"; };
		3379751F19A54CD000120D2D /* rulesStep4@2x.png */ = {isa = PBXFileReference; lastKnownFileType = image.png; path = "rulesStep4@2x.png"; sourceTree = "<group>"; };
		3379752119A58C2D00120D2D /* rulesStep4Small.png */ = {isa = PBXFileReference; lastKnownFileType = image.png; path = rulesStep4Small.png; sourceTree = "<group>"; };
		3379752719A5B88200120D2D /* rulesStep6@2x.png */ = {isa = PBXFileReference; lastKnownFileType = image.png; path = "rulesStep6@2x.png"; sourceTree = "<group>"; };
		3379753719A695AF00120D2D /* rulesStep11@2x.png */ = {isa = PBXFileReference; lastKnownFileType = image.png; path = "rulesStep11@2x.png"; sourceTree = "<group>"; };
		3379753B19A6990200120D2D /* rulesStep13@2x.png */ = {isa = PBXFileReference; lastKnownFileType = image.png; path = "rulesStep13@2x.png"; sourceTree = "<group>"; };
		3379754119A6A05800120D2D /* rulesStep5@2x.png */ = {isa = PBXFileReference; lastKnownFileType = image.png; path = "rulesStep5@2x.png"; sourceTree = "<group>"; };
		3379754719A6A36400120D2D /* rulesStep5Small.png */ = {isa = PBXFileReference; lastKnownFileType = image.png; path = rulesStep5Small.png; sourceTree = "<group>"; };
		3379755119A6AA4B00120D2D /* rulesStep6Small.png */ = {isa = PBXFileReference; lastKnownFileType = image.png; path = rulesStep6Small.png; sourceTree = "<group>"; };
		3379755519A6CE2E00120D2D /* rulesStep7@2x.png */ = {isa = PBXFileReference; lastKnownFileType = image.png; path = "rulesStep7@2x.png"; sourceTree = "<group>"; };
		3379755919A6D28000120D2D /* rulesStep7Small.png */ = {isa = PBXFileReference; lastKnownFileType = image.png; path = rulesStep7Small.png; sourceTree = "<group>"; };
		3379755F19A7B6F400120D2D /* rulesStep9@2x.png */ = {isa = PBXFileReference; lastKnownFileType = image.png; path = "rulesStep9@2x.png"; sourceTree = "<group>"; };
		3379756019A7B6F400120D2D /* rulesStep9Small.png */ = {isa = PBXFileReference; lastKnownFileType = image.png; path = rulesStep9Small.png; sourceTree = "<group>"; };
		3379756319A7BD3200120D2D /* rulesStep10@2x.png */ = {isa = PBXFileReference; lastKnownFileType = image.png; path = "rulesStep10@2x.png"; sourceTree = "<group>"; };
		3379756419A7BD3200120D2D /* rulesStep10Small.png */ = {isa = PBXFileReference; lastKnownFileType = image.png; path = rulesStep10Small.png; sourceTree = "<group>"; };
		3379756719A7C98C00120D2D /* rulesStep11Small.png */ = {isa = PBXFileReference; lastKnownFileType = image.png; path = rulesStep11Small.png; sourceTree = "<group>"; };
		3379756919A83A6E00120D2D /* rulesStep13Small.png */ = {isa = PBXFileReference; lastKnownFileType = image.png; path = rulesStep13Small.png; sourceTree = "<group>"; };
		3379756D19A8428C00120D2D /* rulesLast@2x.png */ = {isa = PBXFileReference; lastKnownFileType = image.png; path = "rulesLast@2x.png"; sourceTree = "<group>"; };
		33B40D9D18FA55BE00936260 /* Geminy Cricket.app */ = {isa = PBXFileReference; explicitFileType = wrapper.application; includeInIndex = 0; path = "Geminy Cricket.app"; sourceTree = BUILT_PRODUCTS_DIR; };
		33B40DA018FA55BF00936260 /* Foundation.framework */ = {isa = PBXFileReference; lastKnownFileType = wrapper.framework; name = Foundation.framework; path = System/Library/Frameworks/Foundation.framework; sourceTree = SDKROOT; };
		33B40DA218FA55BF00936260 /* CoreGraphics.framework */ = {isa = PBXFileReference; lastKnownFileType = wrapper.framework; name = CoreGraphics.framework; path = System/Library/Frameworks/CoreGraphics.framework; sourceTree = SDKROOT; };
		33B40DA418FA55BF00936260 /* UIKit.framework */ = {isa = PBXFileReference; lastKnownFileType = wrapper.framework; name = UIKit.framework; path = System/Library/Frameworks/UIKit.framework; sourceTree = SDKROOT; };
		33B40DA818FA55BF00936260 /* Geminy Cricket-Info.plist */ = {isa = PBXFileReference; lastKnownFileType = text.plist.xml; path = "Geminy Cricket-Info.plist"; sourceTree = "<group>"; };
		33B40DAA18FA55BF00936260 /* en */ = {isa = PBXFileReference; lastKnownFileType = text.plist.strings; name = en; path = en.lproj/InfoPlist.strings; sourceTree = "<group>"; };
		33B40DAC18FA55BF00936260 /* main.m */ = {isa = PBXFileReference; lastKnownFileType = sourcecode.c.objc; path = main.m; sourceTree = "<group>"; };
		33B40DAE18FA55BF00936260 /* Geminy Cricket-Prefix.pch */ = {isa = PBXFileReference; lastKnownFileType = sourcecode.c.h; path = "Geminy Cricket-Prefix.pch"; sourceTree = "<group>"; };
		33B40DAF18FA55BF00936260 /* RFHAppDelegate.h */ = {isa = PBXFileReference; lastKnownFileType = sourcecode.c.h; path = RFHAppDelegate.h; sourceTree = "<group>"; };
		33B40DB018FA55BF00936260 /* RFHAppDelegate.m */ = {isa = PBXFileReference; lastKnownFileType = sourcecode.c.objc; path = RFHAppDelegate.m; sourceTree = "<group>"; };
		33B40DB218FA55BF00936260 /* Images.xcassets */ = {isa = PBXFileReference; lastKnownFileType = folder.assetcatalog; path = Images.xcassets; sourceTree = "<group>"; };
		33B40DB818FA55BF00936260 /* Geminy CricketTests.xctest */ = {isa = PBXFileReference; explicitFileType = wrapper.cfbundle; includeInIndex = 0; path = "Geminy CricketTests.xctest"; sourceTree = BUILT_PRODUCTS_DIR; };
		33B40DB918FA55BF00936260 /* XCTest.framework */ = {isa = PBXFileReference; lastKnownFileType = wrapper.framework; name = XCTest.framework; path = Library/Frameworks/XCTest.framework; sourceTree = DEVELOPER_DIR; };
		33B40DC118FA55BF00936260 /* Geminy CricketTests-Info.plist */ = {isa = PBXFileReference; lastKnownFileType = text.plist.xml; path = "Geminy CricketTests-Info.plist"; sourceTree = "<group>"; };
		33B40DC318FA55BF00936260 /* en */ = {isa = PBXFileReference; lastKnownFileType = text.plist.strings; name = en; path = en.lproj/InfoPlist.strings; sourceTree = "<group>"; };
		33B40DC518FA55BF00936260 /* Geminy_CricketTests.m */ = {isa = PBXFileReference; lastKnownFileType = sourcecode.c.objc; path = Geminy_CricketTests.m; sourceTree = "<group>"; };
		33B40DCF18FA55D400936260 /* RFHGemObject.h */ = {isa = PBXFileReference; fileEncoding = 4; lastKnownFileType = sourcecode.c.h; path = RFHGemObject.h; sourceTree = "<group>"; };
		33B40DD018FA55D400936260 /* RFHGemObject.m */ = {isa = PBXFileReference; fileEncoding = 4; lastKnownFileType = sourcecode.c.objc; path = RFHGemObject.m; sourceTree = "<group>"; };
		33B40DD118FA55D400936260 /* RFHHumanPlayer.h */ = {isa = PBXFileReference; fileEncoding = 4; lastKnownFileType = sourcecode.c.h; path = RFHHumanPlayer.h; sourceTree = "<group>"; };
		33B40DD218FA55D400936260 /* RFHHumanPlayer.m */ = {isa = PBXFileReference; fileEncoding = 4; lastKnownFileType = sourcecode.c.objc; path = RFHHumanPlayer.m; sourceTree = "<group>"; };
		33B40DD318FA55D400936260 /* RFHPlayer.h */ = {isa = PBXFileReference; fileEncoding = 4; lastKnownFileType = sourcecode.c.h; path = RFHPlayer.h; sourceTree = "<group>"; };
		33B40DD418FA55D400936260 /* RFHPlayer.m */ = {isa = PBXFileReference; fileEncoding = 4; lastKnownFileType = sourcecode.c.objc; path = RFHPlayer.m; sourceTree = "<group>"; };
		33B40DD518FA55D400936260 /* RFHRobotPlayer.h */ = {isa = PBXFileReference; fileEncoding = 4; lastKnownFileType = sourcecode.c.h; path = RFHRobotPlayer.h; sourceTree = "<group>"; };
		33B40DD618FA55D400936260 /* RFHRobotPlayer.m */ = {isa = PBXFileReference; fileEncoding = 4; lastKnownFileType = sourcecode.c.objc; path = RFHRobotPlayer.m; sourceTree = "<group>"; };
		33B40DDB18FA55F500936260 /* RFHViewController.h */ = {isa = PBXFileReference; fileEncoding = 4; lastKnownFileType = sourcecode.c.h; path = RFHViewController.h; sourceTree = "<group>"; };
		33B40DDC18FA55F500936260 /* RFHViewController.m */ = {isa = PBXFileReference; fileEncoding = 4; lastKnownFileType = sourcecode.c.objc; path = RFHViewController.m; sourceTree = "<group>"; };
		33B40DE618FA9A9B00936260 /* RFHGemImageContainer.h */ = {isa = PBXFileReference; fileEncoding = 4; lastKnownFileType = sourcecode.c.h; path = RFHGemImageContainer.h; sourceTree = "<group>"; };
		33B40DE718FA9A9C00936260 /* RFHGemImageContainer.m */ = {isa = PBXFileReference; fileEncoding = 4; lastKnownFileType = sourcecode.c.objc; path = RFHGemImageContainer.m; sourceTree = "<group>"; };
		33B40DE918FAAB7F00936260 /* RFHGameBoard.h */ = {isa = PBXFileReference; fileEncoding = 4; lastKnownFileType = sourcecode.c.h; path = RFHGameBoard.h; sourceTree = "<group>"; };
		33B40DEA18FAAB7F00936260 /* RFHGameBoard.m */ = {isa = PBXFileReference; fileEncoding = 4; lastKnownFileType = sourcecode.c.objc; path = RFHGameBoard.m; sourceTree = "<group>"; };
		33D63C74196F1523003B2DE8 /* RFHHomeScreenViewController.h */ = {isa = PBXFileReference; fileEncoding = 4; lastKnownFileType = sourcecode.c.h; path = RFHHomeScreenViewController.h; sourceTree = "<group>"; };
		33D63C75196F1523003B2DE8 /* RFHHomeScreenViewController.m */ = {isa = PBXFileReference; fileEncoding = 4; lastKnownFileType = sourcecode.c.objc; path = RFHHomeScreenViewController.m; sourceTree = "<group>"; };
		33D63C76196F1523003B2DE8 /* RFHHomeScreenViewController.xib */ = {isa = PBXFileReference; fileEncoding = 4; lastKnownFileType = file.xib; path = RFHHomeScreenViewController.xib; sourceTree = "<group>"; };
		33D63C79197387C6003B2DE8 /* canes.mp3 */ = {isa = PBXFileReference; lastKnownFileType = audio.mp3; path = canes.mp3; sourceTree = "<group>"; };
		33D63C7E19749679003B2DE8 /* RFHStatsViewController.h */ = {isa = PBXFileReference; fileEncoding = 4; lastKnownFileType = sourcecode.c.h; path = RFHStatsViewController.h; sourceTree = "<group>"; };
		33D63C7F19749679003B2DE8 /* RFHStatsViewController.m */ = {isa = PBXFileReference; fileEncoding = 4; lastKnownFileType = sourcecode.c.objc; path = RFHStatsViewController.m; sourceTree = "<group>"; };
		33D63C8019749679003B2DE8 /* RFHStatsViewController.xib */ = {isa = PBXFileReference; fileEncoding = 4; lastKnownFileType = file.xib; path = RFHStatsViewController.xib; sourceTree = "<group>"; };
		33D63C86197595BF003B2DE8 /* RFHGameHistoryController.h */ = {isa = PBXFileReference; fileEncoding = 4; lastKnownFileType = sourcecode.c.h; path = RFHGameHistoryController.h; sourceTree = "<group>"; };
		33D63C87197595BF003B2DE8 /* RFHGameHistoryController.m */ = {isa = PBXFileReference; fileEncoding = 4; lastKnownFileType = sourcecode.c.objc; path = RFHGameHistoryController.m; sourceTree = "<group>"; };
		33D63C891975963F003B2DE8 /* RFHCompletedGame.h */ = {isa = PBXFileReference; fileEncoding = 4; lastKnownFileType = sourcecode.c.h; path = RFHCompletedGame.h; sourceTree = "<group>"; };
		33D63C8A1975963F003B2DE8 /* RFHCompletedGame.m */ = {isa = PBXFileReference; fileEncoding = 4; lastKnownFileType = sourcecode.c.objc; path = RFHCompletedGame.m; sourceTree = "<group>"; };
		33D63C981975AD98003B2DE8 /* App_icon58.png */ = {isa = PBXFileReference; lastKnownFileType = image.png; path = App_icon58.png; sourceTree = "<group>"; };
		33D63C991975AD98003B2DE8 /* App_icon80.png */ = {isa = PBXFileReference; lastKnownFileType = image.png; path = App_icon80.png; sourceTree = "<group>"; };
		33D63C9A1975AD98003B2DE8 /* App_icon120.png */ = {isa = PBXFileReference; lastKnownFileType = image.png; path = App_icon120.png; sourceTree = "<group>"; };
		33D63C9B1975AD98003B2DE8 /* App_icon1024.png */ = {isa = PBXFileReference; lastKnownFileType = image.png; path = App_icon1024.png; sourceTree = "<group>"; };
		33D63CAC19771E9D003B2DE8 /* GemLevel1.png */ = {isa = PBXFileReference; lastKnownFileType = image.png; path = GemLevel1.png; sourceTree = "<group>"; };
		33D63CAD19771E9D003B2DE8 /* GemLevel1@2x.png */ = {isa = PBXFileReference; lastKnownFileType = image.png; path = "GemLevel1@2x.png"; sourceTree = "<group>"; };
		33D63CB619786DF9003B2DE8 /* GemLevel3.png */ = {isa = PBXFileReference; lastKnownFileType = image.png; path = GemLevel3.png; sourceTree = "<group>"; };
		33D63CB719786DF9003B2DE8 /* GemLevel3@2x.png */ = {isa = PBXFileReference; lastKnownFileType = image.png; path = "GemLevel3@2x.png"; sourceTree = "<group>"; };
		33D63CBA19799271003B2DE8 /* gemLevel5Purple.png */ = {isa = PBXFileReference; lastKnownFileType = image.png; path = gemLevel5Purple.png; sourceTree = "<group>"; };
		33D63CBB19799271003B2DE8 /* gemLevel5@2xPurple.png */ = {isa = PBXFileReference; lastKnownFileType = image.png; path = "gemLevel5@2xPurple.png"; sourceTree = "<group>"; };
		33D63CBE197A477A003B2DE8 /* GemLevel4@2x.png */ = {isa = PBXFileReference; lastKnownFileType = image.png; path = "GemLevel4@2x.png"; sourceTree = "<group>"; };
		33D63CBF197A477A003B2DE8 /* GemLevel4.png */ = {isa = PBXFileReference; lastKnownFileType = image.png; path = GemLevel4.png; sourceTree = "<group>"; };
		33D63CC2197DA6CB003B2DE8 /* GemLevel5.png */ = {isa = PBXFileReference; lastKnownFileType = image.png; path = GemLevel5.png; sourceTree = "<group>"; };
		33D63CC3197DA6CB003B2DE8 /* GemLevel5@2x.png */ = {isa = PBXFileReference; lastKnownFileType = image.png; path = "GemLevel5@2x.png"; sourceTree = "<group>"; };
		33D63CC9197DA963003B2DE8 /* RFHDetailGameCompletedViewController.h */ = {isa = PBXFileReference; fileEncoding = 4; lastKnownFileType = sourcecode.c.h; path = RFHDetailGameCompletedViewController.h; sourceTree = "<group>"; };
		33D63CCA197DA963003B2DE8 /* RFHDetailGameCompletedViewController.m */ = {isa = PBXFileReference; fileEncoding = 4; lastKnownFileType = sourcecode.c.objc; path = RFHDetailGameCompletedViewController.m; sourceTree = "<group>"; };
		33D63CF0198964C3003B2DE8 /* GemLevel2.png */ = {isa = PBXFileReference; lastKnownFileType = image.png; path = GemLevel2.png; sourceTree = "<group>"; };
		33D63CF1198964C3003B2DE8 /* GemLevel2@2x.png */ = {isa = PBXFileReference; lastKnownFileType = image.png; path = "GemLevel2@2x.png"; sourceTree = "<group>"; };
		33D90889195E0B4300F25B8F /* scroll_90opacity.png */ = {isa = PBXFileReference; lastKnownFileType = image.png; path = scroll_90opacity.png; sourceTree = "<group>"; };
/* End PBXFileReference section */

/* Begin PBXFrameworksBuildPhase section */
		33B40D9A18FA55BE00936260 /* Frameworks */ = {
			isa = PBXFrameworksBuildPhase;
			buildActionMask = 2147483647;
			files = (
				33B40DA318FA55BF00936260 /* CoreGraphics.framework in Frameworks */,
				33B40DA518FA55BF00936260 /* UIKit.framework in Frameworks */,
				33B40DA118FA55BF00936260 /* Foundation.framework in Frameworks */,
			);
			runOnlyForDeploymentPostprocessing = 0;
		};
		33B40DB518FA55BF00936260 /* Frameworks */ = {
			isa = PBXFrameworksBuildPhase;
			buildActionMask = 2147483647;
			files = (
				33B40DBA18FA55BF00936260 /* XCTest.framework in Frameworks */,
				33B40DBC18FA55BF00936260 /* UIKit.framework in Frameworks */,
				33B40DBB18FA55BF00936260 /* Foundation.framework in Frameworks */,
			);
			runOnlyForDeploymentPostprocessing = 0;
		};
/* End PBXFrameworksBuildPhase section */

/* Begin PBXGroup section */
		33B40D9418FA55BE00936260 = {
			isa = PBXGroup;
			children = (
				337974E419A4694300120D2D /* RFHRulesViewController.h */,
				337974E519A4694300120D2D /* RFHRulesViewController.m */,
				33D63C74196F1523003B2DE8 /* RFHHomeScreenViewController.h */,
				33D63C75196F1523003B2DE8 /* RFHHomeScreenViewController.m */,
				33D63C76196F1523003B2DE8 /* RFHHomeScreenViewController.xib */,
				33D63C7E19749679003B2DE8 /* RFHStatsViewController.h */,
				33D63C7F19749679003B2DE8 /* RFHStatsViewController.m */,
				33D63C8019749679003B2DE8 /* RFHStatsViewController.xib */,
				33D63CC9197DA963003B2DE8 /* RFHDetailGameCompletedViewController.h */,
				33D63CCA197DA963003B2DE8 /* RFHDetailGameCompletedViewController.m */,
				33D63C891975963F003B2DE8 /* RFHCompletedGame.h */,
				33D63C8A1975963F003B2DE8 /* RFHCompletedGame.m */,
				33D63C86197595BF003B2DE8 /* RFHGameHistoryController.h */,
				33D63C87197595BF003B2DE8 /* RFHGameHistoryController.m */,
				33B40DA618FA55BF00936260 /* Geminy Cricket */,
				33B40DBF18FA55BF00936260 /* Geminy CricketTests */,
				33B40D9F18FA55BF00936260 /* Frameworks */,
				33B40D9E18FA55BE00936260 /* Products */,
			);
			sourceTree = "<group>";
		};
		33B40D9E18FA55BE00936260 /* Products */ = {
			isa = PBXGroup;
			children = (
				33B40D9D18FA55BE00936260 /* Geminy Cricket.app */,
				33B40DB818FA55BF00936260 /* Geminy CricketTests.xctest */,
			);
			name = Products;
			sourceTree = "<group>";
		};
		33B40D9F18FA55BF00936260 /* Frameworks */ = {
			isa = PBXGroup;
			children = (
				33B40DA018FA55BF00936260 /* Foundation.framework */,
				33B40DA218FA55BF00936260 /* CoreGraphics.framework */,
				33B40DA418FA55BF00936260 /* UIKit.framework */,
				33B40DB918FA55BF00936260 /* XCTest.framework */,
			);
			name = Frameworks;
			sourceTree = "<group>";
		};
		33B40DA618FA55BF00936260 /* Geminy Cricket */ = {
			isa = PBXGroup;
			children = (
				33B40DCF18FA55D400936260 /* RFHGemObject.h */,
				33B40DD018FA55D400936260 /* RFHGemObject.m */,
				33B40DE518FA69CC00936260 /* Player */,
				33B40DAF18FA55BF00936260 /* RFHAppDelegate.h */,
				33B40DB018FA55BF00936260 /* RFHAppDelegate.m */,
				33B40DDB18FA55F500936260 /* RFHViewController.h */,
				33B40DDC18FA55F500936260 /* RFHViewController.m */,
				33B40DE918FAAB7F00936260 /* RFHGameBoard.h */,
				33B40DEA18FAAB7F00936260 /* RFHGameBoard.m */,
				33B40DE618FA9A9B00936260 /* RFHGemImageContainer.h */,
				33B40DE718FA9A9C00936260 /* RFHGemImageContainer.m */,
				3379749A1997E13000120D2D /* RFHCreatorInfoViewController.h */,
				3379749B1997E13000120D2D /* RFHCreatorInfoViewController.m */,
				3379749C1997E13000120D2D /* RFHCreatorInfoViewController.xib */,
				33D63C79197387C6003B2DE8 /* canes.mp3 */,
				33B40DB218FA55BF00936260 /* Images.xcassets */,
				33D90889195E0B4300F25B8F /* scroll_90opacity.png */,
				33D63CAC19771E9D003B2DE8 /* GemLevel1.png */,
				33D63CAD19771E9D003B2DE8 /* GemLevel1@2x.png */,
				33D63CF0198964C3003B2DE8 /* GemLevel2.png */,
				33D63CF1198964C3003B2DE8 /* GemLevel2@2x.png */,
				33D63CB619786DF9003B2DE8 /* GemLevel3.png */,
				33D63CBE197A477A003B2DE8 /* GemLevel4@2x.png */,
				33D63CBF197A477A003B2DE8 /* GemLevel4.png */,
				33D63CB719786DF9003B2DE8 /* GemLevel3@2x.png */,
				33D63CC2197DA6CB003B2DE8 /* GemLevel5.png */,
				33D63CC3197DA6CB003B2DE8 /* GemLevel5@2x.png */,
				33D63CBA19799271003B2DE8 /* gemLevel5Purple.png */,
				33D63CBB19799271003B2DE8 /* gemLevel5@2xPurple.png */,
				3379747A198DF24200120D2D /* previousMoveButton.png */,
				3379747B198DF24200120D2D /* previousMoveButton@2x.png */,
				33797476198DC88F00120D2D /* nextMoveButton.png */,
				33797477198DC88F00120D2D /* nextMoveButton@2x.png */,
				337974D6199DD4F600120D2D /* MoreInfo.png */,
				337974D7199DD4F600120D2D /* MoreInfo@2x.png */,
				337974D0199DD3D600120D2D /* AdditionalInfoActivated.png */,
				337974D1199DD3D600120D2D /* AdditionalInfoActivated@2x.png */,
				337974A11997EB1D00120D2D /* CreatorInfo.png */,
				337974A5199811E000120D2D /* MusicIcon.png */,
				337974A91998157400120D2D /* MusicIconCancel.png */,
				337974AD1998196A00120D2D /* gradient.png */,
				337974AF19981ADE00120D2D /* creatorGradient.png */,
				337974BD199BD62200120D2D /* CircleWinner.png */,
				337974AB1998174D00120D2D /* gradient7.jpg */,
				337974DA19A2A2FC00120D2D /* homeButton@2x.png */,
				337974DC19A2A5E900120D2D /* homeButtonWhite@2x.png */,
				337974E219A2B5C500120D2D /* replayButton@2x.png */,
				337974E719A4899600120D2D /* rulesNextArrow@2x.png */,
				337974E919A50FA900120D2D /* rulesGemHighlight@2x.png */,
				3379751D19A54C0200120D2D /* rulesStep3@2x.png */,
				3379751719A5495C00120D2D /* rulesStep3Small.png */,
				3379751F19A54CD000120D2D /* rulesStep4@2x.png */,
				3379752119A58C2D00120D2D /* rulesStep4Small.png */,
				3379754719A6A36400120D2D /* rulesStep5Small.png */,
				3379754119A6A05800120D2D /* rulesStep5@2x.png */,
				3379752719A5B88200120D2D /* rulesStep6@2x.png */,
				3379755119A6AA4B00120D2D /* rulesStep6Small.png */,
				3379755919A6D28000120D2D /* rulesStep7Small.png */,
				3379755519A6CE2E00120D2D /* rulesStep7@2x.png */,
				3379755F19A7B6F400120D2D /* rulesStep9@2x.png */,
				3379756019A7B6F400120D2D /* rulesStep9Small.png */,
				3379756319A7BD3200120D2D /* rulesStep10@2x.png */,
				3379756419A7BD3200120D2D /* rulesStep10Small.png */,
				3379756719A7C98C00120D2D /* rulesStep11Small.png */,
				3379753719A695AF00120D2D /* rulesStep11@2x.png */,
				3379753B19A6990200120D2D /* rulesStep13@2x.png */,
				3379756919A83A6E00120D2D /* rulesStep13Small.png */,
				3379756D19A8428C00120D2D /* rulesLast@2x.png */,
				33D63C981975AD98003B2DE8 /* App_icon58.png */,
				33D63C991975AD98003B2DE8 /* App_icon80.png */,
				33D63C9A1975AD98003B2DE8 /* App_icon120.png */,
				33D63C9B1975AD98003B2DE8 /* App_icon1024.png */,
				33B40DA718FA55BF00936260 /* Supporting Files */,
			);
			path = "Geminy Cricket";
			sourceTree = "<group>";
		};
		33B40DA718FA55BF00936260 /* Supporting Files */ = {
			isa = PBXGroup;
			children = (
				33B40DA818FA55BF00936260 /* Geminy Cricket-Info.plist */,
				33B40DA918FA55BF00936260 /* InfoPlist.strings */,
				33B40DAC18FA55BF00936260 /* main.m */,
				33B40DAE18FA55BF00936260 /* Geminy Cricket-Prefix.pch */,
			);
			name = "Supporting Files";
			sourceTree = "<group>";
		};
		33B40DBF18FA55BF00936260 /* Geminy CricketTests */ = {
			isa = PBXGroup;
			children = (
				33B40DC518FA55BF00936260 /* Geminy_CricketTests.m */,
				33B40DC018FA55BF00936260 /* Supporting Files */,
			);
			path = "Geminy CricketTests";
			sourceTree = "<group>";
		};
		33B40DC018FA55BF00936260 /* Supporting Files */ = {
			isa = PBXGroup;
			children = (
				33B40DC118FA55BF00936260 /* Geminy CricketTests-Info.plist */,
				33B40DC218FA55BF00936260 /* InfoPlist.strings */,
			);
			name = "Supporting Files";
			sourceTree = "<group>";
		};
		33B40DE518FA69CC00936260 /* Player */ = {
			isa = PBXGroup;
			children = (
				33B40DD118FA55D400936260 /* RFHHumanPlayer.h */,
				33B40DD218FA55D400936260 /* RFHHumanPlayer.m */,
				33B40DD318FA55D400936260 /* RFHPlayer.h */,
				33B40DD418FA55D400936260 /* RFHPlayer.m */,
				33B40DD518FA55D400936260 /* RFHRobotPlayer.h */,
				33B40DD618FA55D400936260 /* RFHRobotPlayer.m */,
			);
			name = Player;
			sourceTree = "<group>";
		};
/* End PBXGroup section */

/* Begin PBXNativeTarget section */
		33B40D9C18FA55BE00936260 /* Geminy Cricket */ = {
			isa = PBXNativeTarget;
			buildConfigurationList = 33B40DC918FA55BF00936260 /* Build configuration list for PBXNativeTarget "Geminy Cricket" */;
			buildPhases = (
				33B40D9918FA55BE00936260 /* Sources */,
				33B40D9A18FA55BE00936260 /* Frameworks */,
				33B40D9B18FA55BE00936260 /* Resources */,
			);
			buildRules = (
			);
			dependencies = (
			);
			name = "Geminy Cricket";
			productName = "Geminy Cricket";
			productReference = 33B40D9D18FA55BE00936260 /* Geminy Cricket.app */;
			productType = "com.apple.product-type.application";
		};
		33B40DB718FA55BF00936260 /* Geminy CricketTests */ = {
			isa = PBXNativeTarget;
			buildConfigurationList = 33B40DCC18FA55BF00936260 /* Build configuration list for PBXNativeTarget "Geminy CricketTests" */;
			buildPhases = (
				33B40DB418FA55BF00936260 /* Sources */,
				33B40DB518FA55BF00936260 /* Frameworks */,
				33B40DB618FA55BF00936260 /* Resources */,
			);
			buildRules = (
			);
			dependencies = (
				33B40DBE18FA55BF00936260 /* PBXTargetDependency */,
			);
			name = "Geminy CricketTests";
			productName = "Geminy CricketTests";
			productReference = 33B40DB818FA55BF00936260 /* Geminy CricketTests.xctest */;
			productType = "com.apple.product-type.bundle.unit-test";
		};
/* End PBXNativeTarget section */

/* Begin PBXProject section */
		33B40D9518FA55BE00936260 /* Project object */ = {
			isa = PBXProject;
			attributes = {
				CLASSPREFIX = RFH;
				LastUpgradeCheck = 0510;
				ORGANIZATIONNAME = Higgnet;
				TargetAttributes = {
					33B40D9C18FA55BE00936260 = {
						DevelopmentTeam = 2GHB6F334P;
					};
					33B40DB718FA55BF00936260 = {
						TestTargetID = 33B40D9C18FA55BE00936260;
					};
				};
			};
			buildConfigurationList = 33B40D9818FA55BE00936260 /* Build configuration list for PBXProject "Geminy Cricket" */;
			compatibilityVersion = "Xcode 3.2";
			developmentRegion = English;
			hasScannedForEncodings = 0;
			knownRegions = (
				en,
			);
			mainGroup = 33B40D9418FA55BE00936260;
			productRefGroup = 33B40D9E18FA55BE00936260 /* Products */;
			projectDirPath = "";
			projectRoot = "";
			targets = (
				33B40D9C18FA55BE00936260 /* Geminy Cricket */,
				33B40DB718FA55BF00936260 /* Geminy CricketTests */,
			);
		};
/* End PBXProject section */

/* Begin PBXResourcesBuildPhase section */
		33B40D9B18FA55BE00936260 /* Resources */ = {
			isa = PBXResourcesBuildPhase;
			buildActionMask = 2147483647;
			files = (
				33D63C8219749679003B2DE8 /* RFHStatsViewController.xib in Resources */,
				3379754219A6A05800120D2D /* rulesStep5@2x.png in Resources */,
				3379756E19A8428C00120D2D /* rulesLast@2x.png in Resources */,
				337974A7199811E000120D2D /* MusicIcon.png in Resources */,
				3379754819A6A36400120D2D /* rulesStep5Small.png in Resources */,
				33D63C7A197387C6003B2DE8 /* canes.mp3 in Resources */,
				3379756219A7B6F400120D2D /* rulesStep9Small.png in Resources */,
				3379755619A6CE2E00120D2D /* rulesStep7@2x.png in Resources */,
				3379756519A7BD3200120D2D /* rulesStep10@2x.png in Resources */,
				3379747C198DF24200120D2D /* previousMoveButton.png in Resources */,
				3379756619A7BD3200120D2D /* rulesStep10Small.png in Resources */,
				33D63C78196F1523003B2DE8 /* RFHHomeScreenViewController.xib in Resources */,
				33D63CC1197A477A003B2DE8 /* GemLevel4.png in Resources */,
				337974AA1998157400120D2D /* MusicIconCancel.png in Resources */,
				33D63CC4197DA6CB003B2DE8 /* GemLevel5.png in Resources */,
				337974AC1998174D00120D2D /* gradient7.jpg in Resources */,
				337974EA19A50FA900120D2D /* rulesGemHighlight@2x.png in Resources */,
				337974DD19A2A5E900120D2D /* homeButtonWhite@2x.png in Resources */,
				33D63C9E1975AD98003B2DE8 /* App_icon120.png in Resources */,
				337974B019981ADE00120D2D /* creatorGradient.png in Resources */,
				33D63C9D1975AD98003B2DE8 /* App_icon80.png in Resources */,
				33D9088A195E0B4300F25B8F /* scroll_90opacity.png in Resources */,
				3379756119A7B6F400120D2D /* rulesStep9@2x.png in Resources */,
				3379755219A6AA4B00120D2D /* rulesStep6Small.png in Resources */,
				337974DB19A2A2FC00120D2D /* homeButton@2x.png in Resources */,
				33D63CB819786DF9003B2DE8 /* GemLevel3.png in Resources */,
				337974AE1998196A00120D2D /* gradient.png in Resources */,
				3379752219A58C2D00120D2D /* rulesStep4Small.png in Resources */,
				337974D3199DD3D600120D2D /* AdditionalInfoActivated@2x.png in Resources */,
				33D63CAF19771E9D003B2DE8 /* GemLevel1@2x.png in Resources */,
				33D63CF3198964C3003B2DE8 /* GemLevel2@2x.png in Resources */,
				33D63CC5197DA6CB003B2DE8 /* GemLevel5@2x.png in Resources */,
				33D63CBC19799271003B2DE8 /* gemLevel5Purple.png in Resources */,
				33D63CB919786DF9003B2DE8 /* GemLevel3@2x.png in Resources */,
				33797478198DC88F00120D2D /* nextMoveButton.png in Resources */,
				33D63CF2198964C3003B2DE8 /* GemLevel2.png in Resources */,
				33797479198DC88F00120D2D /* nextMoveButton@2x.png in Resources */,
				3379753D19A6990200120D2D /* rulesStep13@2x.png in Resources */,
				337974E819A4899600120D2D /* rulesNextArrow@2x.png in Resources */,
				337974E319A2B5C500120D2D /* replayButton@2x.png in Resources */,
				337974D8199DD4F600120D2D /* MoreInfo.png in Resources */,
				3379756819A7C98C00120D2D /* rulesStep11Small.png in Resources */,
				3379756A19A83A6E00120D2D /* rulesStep13Small.png in Resources */,
				337974A41997EB1D00120D2D /* CreatorInfo.png in Resources */,
				3379749E1997E13000120D2D /* RFHCreatorInfoViewController.xib in Resources */,
				3379755A19A6D28000120D2D /* rulesStep7Small.png in Resources */,
				337974D9199DD4F600120D2D /* MoreInfo@2x.png in Resources */,
				3379747D198DF24200120D2D /* previousMoveButton@2x.png in Resources */,
				337974BE199BD62200120D2D /* CircleWinner.png in Resources */,
				33D63CBD19799271003B2DE8 /* gemLevel5@2xPurple.png in Resources */,
				3379753919A695AF00120D2D /* rulesStep11@2x.png in Resources */,
				33B40DAB18FA55BF00936260 /* InfoPlist.strings in Resources */,
				33D63C9C1975AD98003B2DE8 /* App_icon58.png in Resources */,
				33B40DB318FA55BF00936260 /* Images.xcassets in Resources */,
				337974D2199DD3D600120D2D /* AdditionalInfoActivated.png in Resources */,
				3379751819A5495C00120D2D /* rulesStep3Small.png in Resources */,
				3379751E19A54C0200120D2D /* rulesStep3@2x.png in Resources */,
				3379752919A5B88200120D2D /* rulesStep6@2x.png in Resources */,
				33D63CAE19771E9D003B2DE8 /* GemLevel1.png in Resources */,
				33D63C9F1975AD98003B2DE8 /* App_icon1024.png in Resources */,
				33D63CC0197A477A003B2DE8 /* GemLevel4@2x.png in Resources */,
				3379752019A54CD000120D2D /* rulesStep4@2x.png in Resources */,
			);
			runOnlyForDeploymentPostprocessing = 0;
		};
		33B40DB618FA55BF00936260 /* Resources */ = {
			isa = PBXResourcesBuildPhase;
			buildActionMask = 2147483647;
			files = (
				33B40DC418FA55BF00936260 /* InfoPlist.strings in Resources */,
			);
			runOnlyForDeploymentPostprocessing = 0;
		};
/* End PBXResourcesBuildPhase section */

/* Begin PBXSourcesBuildPhase section */
		33B40D9918FA55BE00936260 /* Sources */ = {
			isa = PBXSourcesBuildPhase;
			buildActionMask = 2147483647;
			files = (
				33D63C88197595BF003B2DE8 /* RFHGameHistoryController.m in Sources */,
				33B40DD718FA55D400936260 /* RFHGemObject.m in Sources */,
				33D63C8119749679003B2DE8 /* RFHStatsViewController.m in Sources */,
				3379749D1997E13000120D2D /* RFHCreatorInfoViewController.m in Sources */,
				33D63C77196F1523003B2DE8 /* RFHHomeScreenViewController.m in Sources */,
				33B40DD818FA55D400936260 /* RFHHumanPlayer.m in Sources */,
				33B40DDA18FA55D400936260 /* RFHRobotPlayer.m in Sources */,
				33B40DAD18FA55BF00936260 /* main.m in Sources */,
				33B40DB118FA55BF00936260 /* RFHAppDelegate.m in Sources */,
				33D63CCB197DA963003B2DE8 /* RFHDetailGameCompletedViewController.m in Sources */,
				33B40DD918FA55D400936260 /* RFHPlayer.m in Sources */,
				33D63C8B1975963F003B2DE8 /* RFHCompletedGame.m in Sources */,
				33B40DEB18FAAB7F00936260 /* RFHGameBoard.m in Sources */,
				33B40DDE18FA55F500936260 /* RFHViewController.m in Sources */,
				337974E619A4694300120D2D /* RFHRulesViewController.m in Sources */,
				33B40DE818FA9A9C00936260 /* RFHGemImageContainer.m in Sources */,
			);
			runOnlyForDeploymentPostprocessing = 0;
		};
		33B40DB418FA55BF00936260 /* Sources */ = {
			isa = PBXSourcesBuildPhase;
			buildActionMask = 2147483647;
			files = (
				33B40DC618FA55BF00936260 /* Geminy_CricketTests.m in Sources */,
			);
			runOnlyForDeploymentPostprocessing = 0;
		};
/* End PBXSourcesBuildPhase section */

/* Begin PBXTargetDependency section */
		33B40DBE18FA55BF00936260 /* PBXTargetDependency */ = {
			isa = PBXTargetDependency;
			target = 33B40D9C18FA55BE00936260 /* Geminy Cricket */;
			targetProxy = 33B40DBD18FA55BF00936260 /* PBXContainerItemProxy */;
		};
/* End PBXTargetDependency section */

/* Begin PBXVariantGroup section */
		33B40DA918FA55BF00936260 /* InfoPlist.strings */ = {
			isa = PBXVariantGroup;
			children = (
				33B40DAA18FA55BF00936260 /* en */,
			);
			name = InfoPlist.strings;
			sourceTree = "<group>";
		};
		33B40DC218FA55BF00936260 /* InfoPlist.strings */ = {
			isa = PBXVariantGroup;
			children = (
				33B40DC318FA55BF00936260 /* en */,
			);
			name = InfoPlist.strings;
			sourceTree = "<group>";
		};
/* End PBXVariantGroup section */

/* Begin XCBuildConfiguration section */
		33B40DC718FA55BF00936260 /* Debug */ = {
			isa = XCBuildConfiguration;
			buildSettings = {
				ALWAYS_SEARCH_USER_PATHS = NO;
				CLANG_CXX_LANGUAGE_STANDARD = "gnu++0x";
				CLANG_CXX_LIBRARY = "libc++";
				CLANG_ENABLE_MODULES = YES;
				CLANG_ENABLE_OBJC_ARC = YES;
				CLANG_WARN_BOOL_CONVERSION = YES;
				CLANG_WARN_CONSTANT_CONVERSION = YES;
				CLANG_WARN_DIRECT_OBJC_ISA_USAGE = YES_ERROR;
				CLANG_WARN_EMPTY_BODY = YES;
				CLANG_WARN_ENUM_CONVERSION = YES;
				CLANG_WARN_INT_CONVERSION = YES;
				CLANG_WARN_OBJC_ROOT_CLASS = YES_ERROR;
				CLANG_WARN__DUPLICATE_METHOD_MATCH = YES;
				"CODE_SIGN_IDENTITY[sdk=iphoneos*]" = "iPhone Developer";
				COPY_PHASE_STRIP = NO;
				GCC_C_LANGUAGE_STANDARD = gnu99;
				GCC_DYNAMIC_NO_PIC = NO;
				GCC_OPTIMIZATION_LEVEL = 0;
				GCC_PREPROCESSOR_DEFINITIONS = (
					"DEBUG=1",
					"$(inherited)",
				);
				GCC_SYMBOLS_PRIVATE_EXTERN = NO;
				GCC_WARN_64_TO_32_BIT_CONVERSION = YES;
				GCC_WARN_ABOUT_RETURN_TYPE = YES_ERROR;
				GCC_WARN_UNDECLARED_SELECTOR = YES;
				GCC_WARN_UNINITIALIZED_AUTOS = YES_AGGRESSIVE;
				GCC_WARN_UNUSED_FUNCTION = YES;
				GCC_WARN_UNUSED_VARIABLE = YES;
				IPHONEOS_DEPLOYMENT_TARGET = 7.1;
				ONLY_ACTIVE_ARCH = YES;
				SDKROOT = iphoneos;
			};
			name = Debug;
		};
		33B40DC818FA55BF00936260 /* Release */ = {
			isa = XCBuildConfiguration;
			buildSettings = {
				ALWAYS_SEARCH_USER_PATHS = NO;
				CLANG_CXX_LANGUAGE_STANDARD = "gnu++0x";
				CLANG_CXX_LIBRARY = "libc++";
				CLANG_ENABLE_MODULES = YES;
				CLANG_ENABLE_OBJC_ARC = YES;
				CLANG_WARN_BOOL_CONVERSION = YES;
				CLANG_WARN_CONSTANT_CONVERSION = YES;
				CLANG_WARN_DIRECT_OBJC_ISA_USAGE = YES_ERROR;
				CLANG_WARN_EMPTY_BODY = YES;
				CLANG_WARN_ENUM_CONVERSION = YES;
				CLANG_WARN_INT_CONVERSION = YES;
				CLANG_WARN_OBJC_ROOT_CLASS = YES_ERROR;
				CLANG_WARN__DUPLICATE_METHOD_MATCH = YES;
				"CODE_SIGN_IDENTITY[sdk=iphoneos*]" = "iPhone Developer";
				COPY_PHASE_STRIP = YES;
				ENABLE_NS_ASSERTIONS = NO;
				GCC_C_LANGUAGE_STANDARD = gnu99;
				GCC_WARN_64_TO_32_BIT_CONVERSION = YES;
				GCC_WARN_ABOUT_RETURN_TYPE = YES_ERROR;
				GCC_WARN_UNDECLARED_SELECTOR = YES;
				GCC_WARN_UNINITIALIZED_AUTOS = YES_AGGRESSIVE;
				GCC_WARN_UNUSED_FUNCTION = YES;
				GCC_WARN_UNUSED_VARIABLE = YES;
				IPHONEOS_DEPLOYMENT_TARGET = 7.1;
				SDKROOT = iphoneos;
				VALIDATE_PRODUCT = YES;
			};
			name = Release;
		};
		33B40DCA18FA55BF00936260 /* Debug */ = {
			isa = XCBuildConfiguration;
			buildSettings = {
				ASSETCATALOG_COMPILER_APPICON_NAME = AppIcon;
				ASSETCATALOG_COMPILER_LAUNCHIMAGE_NAME = LaunchImage;
				CODE_SIGN_IDENTITY = "iPhone Developer";
				"CODE_SIGN_IDENTITY[sdk=iphoneos*]" = "iPhone Developer";
				GCC_PRECOMPILE_PREFIX_HEADER = YES;
				GCC_PREFIX_HEADER = "Geminy Cricket/Geminy Cricket-Prefix.pch";
				INFOPLIST_FILE = "Geminy Cricket/Geminy Cricket-Info.plist";
				IPHONEOS_DEPLOYMENT_TARGET = 7.1;
				PRODUCT_NAME = "$(TARGET_NAME)";
				PROVISIONING_PROFILE = "";
				TARGETED_DEVICE_FAMILY = 1;
				WRAPPER_EXTENSION = app;
			};
			name = Debug;
		};
		33B40DCB18FA55BF00936260 /* Release */ = {
			isa = XCBuildConfiguration;
			buildSettings = {
				ASSETCATALOG_COMPILER_APPICON_NAME = AppIcon;
				ASSETCATALOG_COMPILER_LAUNCHIMAGE_NAME = LaunchImage;
				CODE_SIGN_IDENTITY = "iPhone Developer";
				"CODE_SIGN_IDENTITY[sdk=iphoneos*]" = "iPhone Developer";
				GCC_PRECOMPILE_PREFIX_HEADER = YES;
				GCC_PREFIX_HEADER = "Geminy Cricket/Geminy Cricket-Prefix.pch";
				INFOPLIST_FILE = "Geminy Cricket/Geminy Cricket-Info.plist";
				IPHONEOS_DEPLOYMENT_TARGET = 7.1;
				PRODUCT_NAME = "$(TARGET_NAME)";
				PROVISIONING_PROFILE = "";
				TARGETED_DEVICE_FAMILY = 1;
				WRAPPER_EXTENSION = app;
			};
			name = Release;
		};
		33B40DCD18FA55BF00936260 /* Debug */ = {
			isa = XCBuildConfiguration;
			buildSettings = {
				BUNDLE_LOADER = "$(BUILT_PRODUCTS_DIR)/Geminy Cricket.app/Geminy Cricket";
				FRAMEWORK_SEARCH_PATHS = (
					"$(SDKROOT)/Developer/Library/Frameworks",
					"$(inherited)",
					"$(DEVELOPER_FRAMEWORKS_DIR)",
				);
				GCC_PRECOMPILE_PREFIX_HEADER = YES;
				GCC_PREFIX_HEADER = "Geminy Cricket/Geminy Cricket-Prefix.pch";
				GCC_PREPROCESSOR_DEFINITIONS = (
					"DEBUG=1",
					"$(inherited)",
				);
				INFOPLIST_FILE = "Geminy CricketTests/Geminy CricketTests-Info.plist";
				PRODUCT_NAME = "$(TARGET_NAME)";
				TEST_HOST = "$(BUNDLE_LOADER)";
				WRAPPER_EXTENSION = xctest;
			};
			name = Debug;
		};
		33B40DCE18FA55BF00936260 /* Release */ = {
			isa = XCBuildConfiguration;
			buildSettings = {
				BUNDLE_LOADER = "$(BUILT_PRODUCTS_DIR)/Geminy Cricket.app/Geminy Cricket";
				FRAMEWORK_SEARCH_PATHS = (
					"$(SDKROOT)/Developer/Library/Frameworks",
					"$(inherited)",
					"$(DEVELOPER_FRAMEWORKS_DIR)",
				);
				GCC_PRECOMPILE_PREFIX_HEADER = YES;
				GCC_PREFIX_HEADER = "Geminy Cricket/Geminy Cricket-Prefix.pch";
				INFOPLIST_FILE = "Geminy CricketTests/Geminy CricketTests-Info.plist";
				PRODUCT_NAME = "$(TARGET_NAME)";
				TEST_HOST = "$(BUNDLE_LOADER)";
				WRAPPER_EXTENSION = xctest;
			};
			name = Release;
		};
/* End XCBuildConfiguration section */

/* Begin XCConfigurationList section */
		33B40D9818FA55BE00936260 /* Build configuration list for PBXProject "Geminy Cricket" */ = {
			isa = XCConfigurationList;
			buildConfigurations = (
				33B40DC718FA55BF00936260 /* Debug */,
				33B40DC818FA55BF00936260 /* Release */,
			);
			defaultConfigurationIsVisible = 0;
			defaultConfigurationName = Release;
		};
		33B40DC918FA55BF00936260 /* Build configuration list for PBXNativeTarget "Geminy Cricket" */ = {
			isa = XCConfigurationList;
			buildConfigurations = (
				33B40DCA18FA55BF00936260 /* Debug */,
				33B40DCB18FA55BF00936260 /* Release */,
			);
			defaultConfigurationIsVisible = 0;
			defaultConfigurationName = Release;
		};
		33B40DCC18FA55BF00936260 /* Build configuration list for PBXNativeTarget "Geminy CricketTests" */ = {
			isa = XCConfigurationList;
			buildConfigurations = (
				33B40DCD18FA55BF00936260 /* Debug */,
				33B40DCE18FA55BF00936260 /* Release */,
			);
			defaultConfigurationIsVisible = 0;
			defaultConfigurationName = Release;
		};
/* End XCConfigurationList section */
	};
	rootObject = 33B40D9518FA55BE00936260 /* Project object */;
}
